
Microsoft Visual Studio Solution File, Format Version 12.00
# Visual Studio Version 16
VisualStudioVersion = 16.0.31112.23
MinimumVisualStudioVersion = 10.0.40219.1
Project("{D954291E-2A0B-460D-934E-DC6B0785DB48}") = "uno_test.Shared", "uno_test\uno_test.Shared\uno_test.Shared.shproj", "{6279C845-92F8-4333-AB99-3D213163593C}"
EndProject
Project("{2150E333-8FDC-42A3-9474-1A3956D46DE8}") = "Platforms", "Platforms", "{4181006D-ED3F-4741-9D23-FEE38F1E16F7}"
EndProject
Project("{FAE04EC0-301F-11D3-BF4B-00C04F79EFBC}") = "uno_test.Droid", "uno_test\uno_test.Droid\uno_test.Droid.csproj", "{834271BB-D174-4F25-8F53-381A4462D77A}"
EndProject
Project("{FAE04EC0-301F-11D3-BF4B-00C04F79EFBC}") = "uno_test.iOS", "uno_test\uno_test.iOS\uno_test.iOS.csproj", "{0C6EFDBB-CADF-4DB4-BB15-91BFBD44F96A}"
EndProject
Project("{FAE04EC0-301F-11D3-BF4B-00C04F79EFBC}") = "uno_test.UWP", "uno_test\uno_test.UWP\uno_test.UWP.csproj", "{D57D7E66-C9D1-4A1C-B90D-BE26E8687C39}"
EndProject
Project("{FAE04EC0-301F-11D3-BF4B-00C04F79EFBC}") = "uno_test.Wasm", "uno_test\uno_test.Wasm\uno_test.Wasm.csproj", "{CA9A1FE5-BC81-415B-ABAC-E7E65A1AEA88}"
EndProject
Project("{FAE04EC0-301F-11D3-BF4B-00C04F79EFBC}") = "uno_test.macOS", "uno_test\uno_test.macOS\uno_test.macOS.csproj", "{BE22FBDF-1947-40F1-8D70-2C8ACEED87CA}"
EndProject
Project("{FAE04EC0-301F-11D3-BF4B-00C04F79EFBC}") = "uno_test.Skia.Wpf.Host", "uno_test\uno_test.Skia.Wpf.Host\uno_test.Skia.Wpf.Host.csproj", "{F00FE380-91AA-47C2-946E-99EED6D58259}"
EndProject
Project("{FAE04EC0-301F-11D3-BF4B-00C04F79EFBC}") = "uno_test.Skia.Wpf", "uno_test\uno_test.Skia.Wpf\uno_test.Skia.Wpf.csproj", "{F5ECDEE8-AAAF-414F-BDED-A4EE30459CEA}"
EndProject
Project("{FAE04EC0-301F-11D3-BF4B-00C04F79EFBC}") = "uno_test.Skia.Gtk", "uno_test\uno_test.Skia.Gtk\uno_test.Skia.Gtk.csproj", "{4B696999-132A-42FA-AF5F-9DBCD62B839D}"
EndProject
Project("{FAE04EC0-301F-11D3-BF4B-00C04F79EFBC}") = "uno_test.Skia.Tizen", "uno_test\uno_test.Skia.Tizen\uno_test.Skia.Tizen.csproj", "{0E2B113E-D020-4223-8C89-DFB0442CCE53}"
EndProject
Global
	GlobalSection(SharedMSBuildProjectFiles) = preSolution
		uno_test\uno_test.Shared\uno_test.Shared.projitems*{0c6efdbb-cadf-4db4-bb15-91bfbd44f96a}*SharedItemsImports = 4
		uno_test\uno_test.Shared\uno_test.Shared.projitems*{0e2b113e-d020-4223-8c89-dfb0442cce53}*SharedItemsImports = 5
		uno_test\uno_test.Shared\uno_test.Shared.projitems*{4b696999-132a-42fa-af5f-9dbcd62b839d}*SharedItemsImports = 5
		uno_test\uno_test.Shared\uno_test.Shared.projitems*{6279c845-92f8-4333-ab99-3d213163593c}*SharedItemsImports = 13
		uno_test\uno_test.Shared\uno_test.Shared.projitems*{834271bb-d174-4f25-8f53-381a4462d77a}*SharedItemsImports = 4
		uno_test\uno_test.Shared\uno_test.Shared.projitems*{be22fbdf-1947-40f1-8d70-2c8aceed87ca}*SharedItemsImports = 4
		uno_test\uno_test.Shared\uno_test.Shared.projitems*{ca9a1fe5-bc81-415b-abac-e7e65a1aea88}*SharedItemsImports = 5
		uno_test\uno_test.Shared\uno_test.Shared.projitems*{d57d7e66-c9d1-4a1c-b90d-be26e8687c39}*SharedItemsImports = 4
		uno_test\uno_test.Shared\uno_test.Shared.projitems*{f5ecdee8-aaaf-414f-bded-a4ee30459cea}*SharedItemsImports = 5
	EndGlobalSection
	GlobalSection(SolutionConfigurationPlatforms) = preSolution
		Ad-Hoc|Any CPU = Ad-Hoc|Any CPU
		Ad-Hoc|ARM = Ad-Hoc|ARM
		Ad-Hoc|ARM64 = Ad-Hoc|ARM64
		Ad-Hoc|iPhone = Ad-Hoc|iPhone
		Ad-Hoc|iPhoneSimulator = Ad-Hoc|iPhoneSimulator
		Ad-Hoc|x64 = Ad-Hoc|x64
		Ad-Hoc|x86 = Ad-Hoc|x86
		AppStore|Any CPU = AppStore|Any CPU
		AppStore|ARM = AppStore|ARM
		AppStore|ARM64 = AppStore|ARM64
		AppStore|iPhone = AppStore|iPhone
		AppStore|iPhoneSimulator = AppStore|iPhoneSimulator
		AppStore|x64 = AppStore|x64
		AppStore|x86 = AppStore|x86
		Debug|Any CPU = Debug|Any CPU
		Debug|ARM = Debug|ARM
		Debug|ARM64 = Debug|ARM64
		Debug|iPhone = Debug|iPhone
		Debug|iPhoneSimulator = Debug|iPhoneSimulator
		Debug|x64 = Debug|x64
		Debug|x86 = Debug|x86
		Release|Any CPU = Release|Any CPU
		Release|ARM = Release|ARM
		Release|ARM64 = Release|ARM64
		Release|iPhone = Release|iPhone
		Release|iPhoneSimulator = Release|iPhoneSimulator
		Release|x64 = Release|x64
		Release|x86 = Release|x86
	EndGlobalSection
	GlobalSection(ProjectConfigurationPlatforms) = postSolution
		{834271BB-D174-4F25-8F53-381A4462D77A}.Ad-Hoc|Any CPU.ActiveCfg = Debug|Any CPU
		{834271BB-D174-4F25-8F53-381A4462D77A}.Ad-Hoc|Any CPU.Build.0 = Debug|Any CPU
		{834271BB-D174-4F25-8F53-381A4462D77A}.Ad-Hoc|Any CPU.Deploy.0 = Debug|Any CPU
		{834271BB-D174-4F25-8F53-381A4462D77A}.Ad-Hoc|ARM.ActiveCfg = Debug|Any CPU
		{834271BB-D174-4F25-8F53-381A4462D77A}.Ad-Hoc|ARM.Build.0 = Debug|Any CPU
		{834271BB-D174-4F25-8F53-381A4462D77A}.Ad-Hoc|ARM.Deploy.0 = Debug|Any CPU
		{834271BB-D174-4F25-8F53-381A4462D77A}.Ad-Hoc|ARM64.ActiveCfg = Debug|Any CPU
		{834271BB-D174-4F25-8F53-381A4462D77A}.Ad-Hoc|ARM64.Build.0 = Debug|Any CPU
		{834271BB-D174-4F25-8F53-381A4462D77A}.Ad-Hoc|ARM64.Deploy.0 = Debug|Any CPU
		{834271BB-D174-4F25-8F53-381A4462D77A}.Ad-Hoc|iPhone.ActiveCfg = Debug|Any CPU
		{834271BB-D174-4F25-8F53-381A4462D77A}.Ad-Hoc|iPhone.Build.0 = Debug|Any CPU
		{834271BB-D174-4F25-8F53-381A4462D77A}.Ad-Hoc|iPhone.Deploy.0 = Debug|Any CPU
		{834271BB-D174-4F25-8F53-381A4462D77A}.Ad-Hoc|iPhoneSimulator.ActiveCfg = Debug|Any CPU
		{834271BB-D174-4F25-8F53-381A4462D77A}.Ad-Hoc|iPhoneSimulator.Build.0 = Debug|Any CPU
		{834271BB-D174-4F25-8F53-381A4462D77A}.Ad-Hoc|iPhoneSimulator.Deploy.0 = Debug|Any CPU
		{834271BB-D174-4F25-8F53-381A4462D77A}.Ad-Hoc|x64.ActiveCfg = Debug|Any CPU
		{834271BB-D174-4F25-8F53-381A4462D77A}.Ad-Hoc|x64.Build.0 = Debug|Any CPU
		{834271BB-D174-4F25-8F53-381A4462D77A}.Ad-Hoc|x64.Deploy.0 = Debug|Any CPU
		{834271BB-D174-4F25-8F53-381A4462D77A}.Ad-Hoc|x86.ActiveCfg = Debug|Any CPU
		{834271BB-D174-4F25-8F53-381A4462D77A}.Ad-Hoc|x86.Build.0 = Debug|Any CPU
		{834271BB-D174-4F25-8F53-381A4462D77A}.Ad-Hoc|x86.Deploy.0 = Debug|Any CPU
		{834271BB-D174-4F25-8F53-381A4462D77A}.AppStore|Any CPU.ActiveCfg = Debug|Any CPU
		{834271BB-D174-4F25-8F53-381A4462D77A}.AppStore|Any CPU.Build.0 = Debug|Any CPU
		{834271BB-D174-4F25-8F53-381A4462D77A}.AppStore|Any CPU.Deploy.0 = Debug|Any CPU
		{834271BB-D174-4F25-8F53-381A4462D77A}.AppStore|ARM.ActiveCfg = Debug|Any CPU
		{834271BB-D174-4F25-8F53-381A4462D77A}.AppStore|ARM.Build.0 = Debug|Any CPU
		{834271BB-D174-4F25-8F53-381A4462D77A}.AppStore|ARM.Deploy.0 = Debug|Any CPU
		{834271BB-D174-4F25-8F53-381A4462D77A}.AppStore|ARM64.ActiveCfg = Debug|Any CPU
		{834271BB-D174-4F25-8F53-381A4462D77A}.AppStore|ARM64.Build.0 = Debug|Any CPU
		{834271BB-D174-4F25-8F53-381A4462D77A}.AppStore|ARM64.Deploy.0 = Debug|Any CPU
		{834271BB-D174-4F25-8F53-381A4462D77A}.AppStore|iPhone.ActiveCfg = Debug|Any CPU
		{834271BB-D174-4F25-8F53-381A4462D77A}.AppStore|iPhone.Build.0 = Debug|Any CPU
		{834271BB-D174-4F25-8F53-381A4462D77A}.AppStore|iPhone.Deploy.0 = Debug|Any CPU
		{834271BB-D174-4F25-8F53-381A4462D77A}.AppStore|iPhoneSimulator.ActiveCfg = Debug|Any CPU
		{834271BB-D174-4F25-8F53-381A4462D77A}.AppStore|iPhoneSimulator.Build.0 = Debug|Any CPU
		{834271BB-D174-4F25-8F53-381A4462D77A}.AppStore|iPhoneSimulator.Deploy.0 = Debug|Any CPU
		{834271BB-D174-4F25-8F53-381A4462D77A}.AppStore|x64.ActiveCfg = Debug|Any CPU
		{834271BB-D174-4F25-8F53-381A4462D77A}.AppStore|x64.Build.0 = Debug|Any CPU
		{834271BB-D174-4F25-8F53-381A4462D77A}.AppStore|x64.Deploy.0 = Debug|Any CPU
		{834271BB-D174-4F25-8F53-381A4462D77A}.AppStore|x86.ActiveCfg = Debug|Any CPU
		{834271BB-D174-4F25-8F53-381A4462D77A}.AppStore|x86.Build.0 = Debug|Any CPU
		{834271BB-D174-4F25-8F53-381A4462D77A}.AppStore|x86.Deploy.0 = Debug|Any CPU
		{834271BB-D174-4F25-8F53-381A4462D77A}.Debug|Any CPU.ActiveCfg = Debug|Any CPU
		{834271BB-D174-4F25-8F53-381A4462D77A}.Debug|Any CPU.Build.0 = Debug|Any CPU
		{834271BB-D174-4F25-8F53-381A4462D77A}.Debug|Any CPU.Deploy.0 = Debug|Any CPU
		{834271BB-D174-4F25-8F53-381A4462D77A}.Debug|ARM.ActiveCfg = Debug|Any CPU
		{834271BB-D174-4F25-8F53-381A4462D77A}.Debug|ARM.Build.0 = Debug|Any CPU
		{834271BB-D174-4F25-8F53-381A4462D77A}.Debug|ARM.Deploy.0 = Debug|Any CPU
		{834271BB-D174-4F25-8F53-381A4462D77A}.Debug|ARM64.ActiveCfg = Debug|Any CPU
		{834271BB-D174-4F25-8F53-381A4462D77A}.Debug|ARM64.Build.0 = Debug|Any CPU
		{834271BB-D174-4F25-8F53-381A4462D77A}.Debug|ARM64.Deploy.0 = Debug|Any CPU
		{834271BB-D174-4F25-8F53-381A4462D77A}.Debug|iPhone.ActiveCfg = Debug|Any CPU
		{834271BB-D174-4F25-8F53-381A4462D77A}.Debug|iPhone.Build.0 = Debug|Any CPU
		{834271BB-D174-4F25-8F53-381A4462D77A}.Debug|iPhone.Deploy.0 = Debug|Any CPU
		{834271BB-D174-4F25-8F53-381A4462D77A}.Debug|iPhoneSimulator.ActiveCfg = Debug|Any CPU
		{834271BB-D174-4F25-8F53-381A4462D77A}.Debug|iPhoneSimulator.Build.0 = Debug|Any CPU
		{834271BB-D174-4F25-8F53-381A4462D77A}.Debug|iPhoneSimulator.Deploy.0 = Debug|Any CPU
		{834271BB-D174-4F25-8F53-381A4462D77A}.Debug|x64.ActiveCfg = Debug|Any CPU
		{834271BB-D174-4F25-8F53-381A4462D77A}.Debug|x64.Build.0 = Debug|Any CPU
		{834271BB-D174-4F25-8F53-381A4462D77A}.Debug|x64.Deploy.0 = Debug|Any CPU
		{834271BB-D174-4F25-8F53-381A4462D77A}.Debug|x86.ActiveCfg = Debug|Any CPU
		{834271BB-D174-4F25-8F53-381A4462D77A}.Debug|x86.Build.0 = Debug|Any CPU
		{834271BB-D174-4F25-8F53-381A4462D77A}.Debug|x86.Deploy.0 = Debug|Any CPU
		{834271BB-D174-4F25-8F53-381A4462D77A}.Release|Any CPU.ActiveCfg = Release|Any CPU
		{834271BB-D174-4F25-8F53-381A4462D77A}.Release|Any CPU.Build.0 = Release|Any CPU
		{834271BB-D174-4F25-8F53-381A4462D77A}.Release|Any CPU.Deploy.0 = Release|Any CPU
		{834271BB-D174-4F25-8F53-381A4462D77A}.Release|ARM.ActiveCfg = Release|Any CPU
		{834271BB-D174-4F25-8F53-381A4462D77A}.Release|ARM.Build.0 = Release|Any CPU
		{834271BB-D174-4F25-8F53-381A4462D77A}.Release|ARM.Deploy.0 = Release|Any CPU
		{834271BB-D174-4F25-8F53-381A4462D77A}.Release|ARM64.ActiveCfg = Release|Any CPU
		{834271BB-D174-4F25-8F53-381A4462D77A}.Release|ARM64.Build.0 = Release|Any CPU
		{834271BB-D174-4F25-8F53-381A4462D77A}.Release|ARM64.Deploy.0 = Release|Any CPU
		{834271BB-D174-4F25-8F53-381A4462D77A}.Release|iPhone.ActiveCfg = Release|Any CPU
		{834271BB-D174-4F25-8F53-381A4462D77A}.Release|iPhone.Build.0 = Release|Any CPU
		{834271BB-D174-4F25-8F53-381A4462D77A}.Release|iPhone.Deploy.0 = Release|Any CPU
		{834271BB-D174-4F25-8F53-381A4462D77A}.Release|iPhoneSimulator.ActiveCfg = Release|Any CPU
		{834271BB-D174-4F25-8F53-381A4462D77A}.Release|iPhoneSimulator.Build.0 = Release|Any CPU
		{834271BB-D174-4F25-8F53-381A4462D77A}.Release|iPhoneSimulator.Deploy.0 = Release|Any CPU
		{834271BB-D174-4F25-8F53-381A4462D77A}.Release|x64.ActiveCfg = Release|Any CPU
		{834271BB-D174-4F25-8F53-381A4462D77A}.Release|x64.Build.0 = Release|Any CPU
		{834271BB-D174-4F25-8F53-381A4462D77A}.Release|x64.Deploy.0 = Release|Any CPU
		{834271BB-D174-4F25-8F53-381A4462D77A}.Release|x86.ActiveCfg = Release|Any CPU
		{834271BB-D174-4F25-8F53-381A4462D77A}.Release|x86.Build.0 = Release|Any CPU
		{834271BB-D174-4F25-8F53-381A4462D77A}.Release|x86.Deploy.0 = Release|Any CPU
		{0C6EFDBB-CADF-4DB4-BB15-91BFBD44F96A}.Ad-Hoc|Any CPU.ActiveCfg = Ad-Hoc|iPhoneSimulator
		{0C6EFDBB-CADF-4DB4-BB15-91BFBD44F96A}.Ad-Hoc|ARM.ActiveCfg = Ad-Hoc|iPhoneSimulator
		{0C6EFDBB-CADF-4DB4-BB15-91BFBD44F96A}.Ad-Hoc|ARM64.ActiveCfg = Ad-Hoc|iPhoneSimulator
		{0C6EFDBB-CADF-4DB4-BB15-91BFBD44F96A}.Ad-Hoc|iPhone.ActiveCfg = Ad-Hoc|iPhone
		{0C6EFDBB-CADF-4DB4-BB15-91BFBD44F96A}.Ad-Hoc|iPhone.Build.0 = Ad-Hoc|iPhone
		{0C6EFDBB-CADF-4DB4-BB15-91BFBD44F96A}.Ad-Hoc|iPhoneSimulator.ActiveCfg = Ad-Hoc|iPhoneSimulator
		{0C6EFDBB-CADF-4DB4-BB15-91BFBD44F96A}.Ad-Hoc|iPhoneSimulator.Build.0 = Ad-Hoc|iPhoneSimulator
		{0C6EFDBB-CADF-4DB4-BB15-91BFBD44F96A}.Ad-Hoc|x64.ActiveCfg = Ad-Hoc|iPhoneSimulator
		{0C6EFDBB-CADF-4DB4-BB15-91BFBD44F96A}.Ad-Hoc|x86.ActiveCfg = Ad-Hoc|iPhoneSimulator
		{0C6EFDBB-CADF-4DB4-BB15-91BFBD44F96A}.AppStore|Any CPU.ActiveCfg = AppStore|iPhoneSimulator
		{0C6EFDBB-CADF-4DB4-BB15-91BFBD44F96A}.AppStore|ARM.ActiveCfg = AppStore|iPhoneSimulator
		{0C6EFDBB-CADF-4DB4-BB15-91BFBD44F96A}.AppStore|ARM64.ActiveCfg = AppStore|iPhoneSimulator
		{0C6EFDBB-CADF-4DB4-BB15-91BFBD44F96A}.AppStore|iPhone.ActiveCfg = AppStore|iPhone
		{0C6EFDBB-CADF-4DB4-BB15-91BFBD44F96A}.AppStore|iPhone.Build.0 = AppStore|iPhone
		{0C6EFDBB-CADF-4DB4-BB15-91BFBD44F96A}.AppStore|iPhoneSimulator.ActiveCfg = AppStore|iPhoneSimulator
		{0C6EFDBB-CADF-4DB4-BB15-91BFBD44F96A}.AppStore|iPhoneSimulator.Build.0 = AppStore|iPhoneSimulator
		{0C6EFDBB-CADF-4DB4-BB15-91BFBD44F96A}.AppStore|x64.ActiveCfg = AppStore|iPhoneSimulator
		{0C6EFDBB-CADF-4DB4-BB15-91BFBD44F96A}.AppStore|x86.ActiveCfg = AppStore|iPhoneSimulator
		{0C6EFDBB-CADF-4DB4-BB15-91BFBD44F96A}.Debug|Any CPU.ActiveCfg = Debug|iPhoneSimulator
		{0C6EFDBB-CADF-4DB4-BB15-91BFBD44F96A}.Debug|ARM.ActiveCfg = Debug|iPhoneSimulator
		{0C6EFDBB-CADF-4DB4-BB15-91BFBD44F96A}.Debug|ARM64.ActiveCfg = Debug|iPhoneSimulator
		{0C6EFDBB-CADF-4DB4-BB15-91BFBD44F96A}.Debug|iPhone.ActiveCfg = Debug|iPhone
		{0C6EFDBB-CADF-4DB4-BB15-91BFBD44F96A}.Debug|iPhone.Build.0 = Debug|iPhone
		{0C6EFDBB-CADF-4DB4-BB15-91BFBD44F96A}.Debug|iPhoneSimulator.ActiveCfg = Debug|iPhoneSimulator
		{0C6EFDBB-CADF-4DB4-BB15-91BFBD44F96A}.Debug|iPhoneSimulator.Build.0 = Debug|iPhoneSimulator
		{0C6EFDBB-CADF-4DB4-BB15-91BFBD44F96A}.Debug|x64.ActiveCfg = Debug|iPhoneSimulator
		{0C6EFDBB-CADF-4DB4-BB15-91BFBD44F96A}.Debug|x86.ActiveCfg = Debug|iPhoneSimulator
		{0C6EFDBB-CADF-4DB4-BB15-91BFBD44F96A}.Release|Any CPU.ActiveCfg = Release|iPhoneSimulator
		{0C6EFDBB-CADF-4DB4-BB15-91BFBD44F96A}.Release|ARM.ActiveCfg = Release|iPhoneSimulator
		{0C6EFDBB-CADF-4DB4-BB15-91BFBD44F96A}.Release|ARM64.ActiveCfg = Release|iPhoneSimulator
		{0C6EFDBB-CADF-4DB4-BB15-91BFBD44F96A}.Release|iPhone.ActiveCfg = Release|iPhone
		{0C6EFDBB-CADF-4DB4-BB15-91BFBD44F96A}.Release|iPhone.Build.0 = Release|iPhone
		{0C6EFDBB-CADF-4DB4-BB15-91BFBD44F96A}.Release|iPhoneSimulator.ActiveCfg = Release|iPhoneSimulator
		{0C6EFDBB-CADF-4DB4-BB15-91BFBD44F96A}.Release|iPhoneSimulator.Build.0 = Release|iPhoneSimulator
		{0C6EFDBB-CADF-4DB4-BB15-91BFBD44F96A}.Release|x64.ActiveCfg = Release|iPhoneSimulator
		{0C6EFDBB-CADF-4DB4-BB15-91BFBD44F96A}.Release|x86.ActiveCfg = Release|iPhoneSimulator
		{D57D7E66-C9D1-4A1C-B90D-BE26E8687C39}.Ad-Hoc|Any CPU.ActiveCfg = Debug|x86
		{D57D7E66-C9D1-4A1C-B90D-BE26E8687C39}.Ad-Hoc|Any CPU.Build.0 = Debug|x86
		{D57D7E66-C9D1-4A1C-B90D-BE26E8687C39}.Ad-Hoc|Any CPU.Deploy.0 = Debug|x86
		{D57D7E66-C9D1-4A1C-B90D-BE26E8687C39}.Ad-Hoc|ARM.ActiveCfg = Debug|ARM
		{D57D7E66-C9D1-4A1C-B90D-BE26E8687C39}.Ad-Hoc|ARM.Build.0 = Debug|ARM
		{D57D7E66-C9D1-4A1C-B90D-BE26E8687C39}.Ad-Hoc|ARM.Deploy.0 = Debug|ARM
		{D57D7E66-C9D1-4A1C-B90D-BE26E8687C39}.Ad-Hoc|ARM64.ActiveCfg = Debug|ARM64
		{D57D7E66-C9D1-4A1C-B90D-BE26E8687C39}.Ad-Hoc|ARM64.Build.0 = Debug|ARM64
		{D57D7E66-C9D1-4A1C-B90D-BE26E8687C39}.Ad-Hoc|ARM64.Deploy.0 = Debug|ARM64
		{D57D7E66-C9D1-4A1C-B90D-BE26E8687C39}.Ad-Hoc|iPhone.ActiveCfg = Debug|x86
		{D57D7E66-C9D1-4A1C-B90D-BE26E8687C39}.Ad-Hoc|iPhone.Build.0 = Debug|x86
		{D57D7E66-C9D1-4A1C-B90D-BE26E8687C39}.Ad-Hoc|iPhone.Deploy.0 = Debug|x86
		{D57D7E66-C9D1-4A1C-B90D-BE26E8687C39}.Ad-Hoc|iPhoneSimulator.ActiveCfg = Debug|x86
		{D57D7E66-C9D1-4A1C-B90D-BE26E8687C39}.Ad-Hoc|iPhoneSimulator.Build.0 = Debug|x86
		{D57D7E66-C9D1-4A1C-B90D-BE26E8687C39}.Ad-Hoc|iPhoneSimulator.Deploy.0 = Debug|x86
		{D57D7E66-C9D1-4A1C-B90D-BE26E8687C39}.Ad-Hoc|x64.ActiveCfg = Debug|x64
		{D57D7E66-C9D1-4A1C-B90D-BE26E8687C39}.Ad-Hoc|x64.Build.0 = Debug|x64
		{D57D7E66-C9D1-4A1C-B90D-BE26E8687C39}.Ad-Hoc|x64.Deploy.0 = Debug|x64
		{D57D7E66-C9D1-4A1C-B90D-BE26E8687C39}.Ad-Hoc|x86.ActiveCfg = Debug|x86
		{D57D7E66-C9D1-4A1C-B90D-BE26E8687C39}.Ad-Hoc|x86.Build.0 = Debug|x86
		{D57D7E66-C9D1-4A1C-B90D-BE26E8687C39}.Ad-Hoc|x86.Deploy.0 = Debug|x86
		{D57D7E66-C9D1-4A1C-B90D-BE26E8687C39}.AppStore|Any CPU.ActiveCfg = Debug|x86
		{D57D7E66-C9D1-4A1C-B90D-BE26E8687C39}.AppStore|Any CPU.Build.0 = Debug|x86
		{D57D7E66-C9D1-4A1C-B90D-BE26E8687C39}.AppStore|Any CPU.Deploy.0 = Debug|x86
		{D57D7E66-C9D1-4A1C-B90D-BE26E8687C39}.AppStore|ARM.ActiveCfg = Debug|ARM
		{D57D7E66-C9D1-4A1C-B90D-BE26E8687C39}.AppStore|ARM.Build.0 = Debug|ARM
		{D57D7E66-C9D1-4A1C-B90D-BE26E8687C39}.AppStore|ARM.Deploy.0 = Debug|ARM
		{D57D7E66-C9D1-4A1C-B90D-BE26E8687C39}.AppStore|ARM64.ActiveCfg = Debug|ARM64
		{D57D7E66-C9D1-4A1C-B90D-BE26E8687C39}.AppStore|ARM64.Build.0 = Debug|ARM64
		{D57D7E66-C9D1-4A1C-B90D-BE26E8687C39}.AppStore|ARM64.Deploy.0 = Debug|ARM64
		{D57D7E66-C9D1-4A1C-B90D-BE26E8687C39}.AppStore|iPhone.ActiveCfg = Debug|x86
		{D57D7E66-C9D1-4A1C-B90D-BE26E8687C39}.AppStore|iPhone.Build.0 = Debug|x86
		{D57D7E66-C9D1-4A1C-B90D-BE26E8687C39}.AppStore|iPhone.Deploy.0 = Debug|x86
		{D57D7E66-C9D1-4A1C-B90D-BE26E8687C39}.AppStore|iPhoneSimulator.ActiveCfg = Debug|x86
		{D57D7E66-C9D1-4A1C-B90D-BE26E8687C39}.AppStore|iPhoneSimulator.Build.0 = Debug|x86
		{D57D7E66-C9D1-4A1C-B90D-BE26E8687C39}.AppStore|iPhoneSimulator.Deploy.0 = Debug|x86
		{D57D7E66-C9D1-4A1C-B90D-BE26E8687C39}.AppStore|x64.ActiveCfg = Debug|x64
		{D57D7E66-C9D1-4A1C-B90D-BE26E8687C39}.AppStore|x64.Build.0 = Debug|x64
		{D57D7E66-C9D1-4A1C-B90D-BE26E8687C39}.AppStore|x64.Deploy.0 = Debug|x64
		{D57D7E66-C9D1-4A1C-B90D-BE26E8687C39}.AppStore|x86.ActiveCfg = Debug|x86
		{D57D7E66-C9D1-4A1C-B90D-BE26E8687C39}.AppStore|x86.Build.0 = Debug|x86
		{D57D7E66-C9D1-4A1C-B90D-BE26E8687C39}.AppStore|x86.Deploy.0 = Debug|x86
		{D57D7E66-C9D1-4A1C-B90D-BE26E8687C39}.Debug|Any CPU.ActiveCfg = Debug|x86
		{D57D7E66-C9D1-4A1C-B90D-BE26E8687C39}.Debug|Any CPU.Build.0 = Debug|x86
		{D57D7E66-C9D1-4A1C-B90D-BE26E8687C39}.Debug|Any CPU.Deploy.0 = Debug|x86
		{D57D7E66-C9D1-4A1C-B90D-BE26E8687C39}.Debug|ARM.ActiveCfg = Debug|ARM
		{D57D7E66-C9D1-4A1C-B90D-BE26E8687C39}.Debug|ARM.Build.0 = Debug|ARM
		{D57D7E66-C9D1-4A1C-B90D-BE26E8687C39}.Debug|ARM.Deploy.0 = Debug|ARM
		{D57D7E66-C9D1-4A1C-B90D-BE26E8687C39}.Debug|ARM64.ActiveCfg = Debug|ARM64
		{D57D7E66-C9D1-4A1C-B90D-BE26E8687C39}.Debug|ARM64.Build.0 = Debug|ARM64
		{D57D7E66-C9D1-4A1C-B90D-BE26E8687C39}.Debug|ARM64.Deploy.0 = Debug|ARM64
		{D57D7E66-C9D1-4A1C-B90D-BE26E8687C39}.Debug|iPhone.ActiveCfg = Debug|x86
		{D57D7E66-C9D1-4A1C-B90D-BE26E8687C39}.Debug|iPhoneSimulator.ActiveCfg = Debug|x86
		{D57D7E66-C9D1-4A1C-B90D-BE26E8687C39}.Debug|x64.ActiveCfg = Debug|x64
		{D57D7E66-C9D1-4A1C-B90D-BE26E8687C39}.Debug|x64.Build.0 = Debug|x64
		{D57D7E66-C9D1-4A1C-B90D-BE26E8687C39}.Debug|x64.Deploy.0 = Debug|x64
		{D57D7E66-C9D1-4A1C-B90D-BE26E8687C39}.Debug|x86.ActiveCfg = Debug|x86
		{D57D7E66-C9D1-4A1C-B90D-BE26E8687C39}.Debug|x86.Build.0 = Debug|x86
		{D57D7E66-C9D1-4A1C-B90D-BE26E8687C39}.Debug|x86.Deploy.0 = Debug|x86
		{D57D7E66-C9D1-4A1C-B90D-BE26E8687C39}.Release|Any CPU.ActiveCfg = Release|x86
		{D57D7E66-C9D1-4A1C-B90D-BE26E8687C39}.Release|ARM.ActiveCfg = Release|ARM
		{D57D7E66-C9D1-4A1C-B90D-BE26E8687C39}.Release|ARM.Build.0 = Release|ARM
		{D57D7E66-C9D1-4A1C-B90D-BE26E8687C39}.Release|ARM.Deploy.0 = Release|ARM
		{D57D7E66-C9D1-4A1C-B90D-BE26E8687C39}.Release|ARM64.ActiveCfg = Release|ARM64
		{D57D7E66-C9D1-4A1C-B90D-BE26E8687C39}.Release|ARM64.Build.0 = Release|ARM64
		{D57D7E66-C9D1-4A1C-B90D-BE26E8687C39}.Release|ARM64.Deploy.0 = Release|ARM64
		{D57D7E66-C9D1-4A1C-B90D-BE26E8687C39}.Release|iPhone.ActiveCfg = Release|x86
		{D57D7E66-C9D1-4A1C-B90D-BE26E8687C39}.Release|iPhoneSimulator.ActiveCfg = Release|x86
		{D57D7E66-C9D1-4A1C-B90D-BE26E8687C39}.Release|x64.ActiveCfg = Release|x64
		{D57D7E66-C9D1-4A1C-B90D-BE26E8687C39}.Release|x64.Build.0 = Release|x64
		{D57D7E66-C9D1-4A1C-B90D-BE26E8687C39}.Release|x64.Deploy.0 = Release|x64
		{D57D7E66-C9D1-4A1C-B90D-BE26E8687C39}.Release|x86.ActiveCfg = Release|x86
		{D57D7E66-C9D1-4A1C-B90D-BE26E8687C39}.Release|x86.Build.0 = Release|x86
		{D57D7E66-C9D1-4A1C-B90D-BE26E8687C39}.Release|x86.Deploy.0 = Release|x86
		{CA9A1FE5-BC81-415B-ABAC-E7E65A1AEA88}.Ad-Hoc|Any CPU.ActiveCfg = Debug|Any CPU
		{CA9A1FE5-BC81-415B-ABAC-E7E65A1AEA88}.Ad-Hoc|Any CPU.Build.0 = Debug|Any CPU
		{CA9A1FE5-BC81-415B-ABAC-E7E65A1AEA88}.Ad-Hoc|ARM.ActiveCfg = Debug|Any CPU
		{CA9A1FE5-BC81-415B-ABAC-E7E65A1AEA88}.Ad-Hoc|ARM.Build.0 = Debug|Any CPU
		{CA9A1FE5-BC81-415B-ABAC-E7E65A1AEA88}.Ad-Hoc|ARM64.ActiveCfg = Debug|Any CPU
		{CA9A1FE5-BC81-415B-ABAC-E7E65A1AEA88}.Ad-Hoc|ARM64.Build.0 = Debug|Any CPU
		{CA9A1FE5-BC81-415B-ABAC-E7E65A1AEA88}.Ad-Hoc|iPhone.ActiveCfg = Debug|Any CPU
		{CA9A1FE5-BC81-415B-ABAC-E7E65A1AEA88}.Ad-Hoc|iPhone.Build.0 = Debug|Any CPU
		{CA9A1FE5-BC81-415B-ABAC-E7E65A1AEA88}.Ad-Hoc|iPhoneSimulator.ActiveCfg = Debug|Any CPU
		{CA9A1FE5-BC81-415B-ABAC-E7E65A1AEA88}.Ad-Hoc|iPhoneSimulator.Build.0 = Debug|Any CPU
		{CA9A1FE5-BC81-415B-ABAC-E7E65A1AEA88}.Ad-Hoc|x64.ActiveCfg = Debug|Any CPU
		{CA9A1FE5-BC81-415B-ABAC-E7E65A1AEA88}.Ad-Hoc|x64.Build.0 = Debug|Any CPU
		{CA9A1FE5-BC81-415B-ABAC-E7E65A1AEA88}.Ad-Hoc|x86.ActiveCfg = Debug|Any CPU
		{CA9A1FE5-BC81-415B-ABAC-E7E65A1AEA88}.Ad-Hoc|x86.Build.0 = Debug|Any CPU
		{CA9A1FE5-BC81-415B-ABAC-E7E65A1AEA88}.AppStore|Any CPU.ActiveCfg = Debug|Any CPU
		{CA9A1FE5-BC81-415B-ABAC-E7E65A1AEA88}.AppStore|Any CPU.Build.0 = Debug|Any CPU
		{CA9A1FE5-BC81-415B-ABAC-E7E65A1AEA88}.AppStore|ARM.ActiveCfg = Debug|Any CPU
		{CA9A1FE5-BC81-415B-ABAC-E7E65A1AEA88}.AppStore|ARM.Build.0 = Debug|Any CPU
		{CA9A1FE5-BC81-415B-ABAC-E7E65A1AEA88}.AppStore|ARM64.ActiveCfg = Debug|Any CPU
		{CA9A1FE5-BC81-415B-ABAC-E7E65A1AEA88}.AppStore|ARM64.Build.0 = Debug|Any CPU
		{CA9A1FE5-BC81-415B-ABAC-E7E65A1AEA88}.AppStore|iPhone.ActiveCfg = Debug|Any CPU
		{CA9A1FE5-BC81-415B-ABAC-E7E65A1AEA88}.AppStore|iPhone.Build.0 = Debug|Any CPU
		{CA9A1FE5-BC81-415B-ABAC-E7E65A1AEA88}.AppStore|iPhoneSimulator.ActiveCfg = Debug|Any CPU
		{CA9A1FE5-BC81-415B-ABAC-E7E65A1AEA88}.AppStore|iPhoneSimulator.Build.0 = Debug|Any CPU
		{CA9A1FE5-BC81-415B-ABAC-E7E65A1AEA88}.AppStore|x64.ActiveCfg = Debug|Any CPU
		{CA9A1FE5-BC81-415B-ABAC-E7E65A1AEA88}.AppStore|x64.Build.0 = Debug|Any CPU
		{CA9A1FE5-BC81-415B-ABAC-E7E65A1AEA88}.AppStore|x86.ActiveCfg = Debug|Any CPU
		{CA9A1FE5-BC81-415B-ABAC-E7E65A1AEA88}.AppStore|x86.Build.0 = Debug|Any CPU
		{CA9A1FE5-BC81-415B-ABAC-E7E65A1AEA88}.Debug|Any CPU.ActiveCfg = Debug|Any CPU
		{CA9A1FE5-BC81-415B-ABAC-E7E65A1AEA88}.Debug|Any CPU.Build.0 = Debug|Any CPU
		{CA9A1FE5-BC81-415B-ABAC-E7E65A1AEA88}.Debug|ARM.ActiveCfg = Debug|Any CPU
		{CA9A1FE5-BC81-415B-ABAC-E7E65A1AEA88}.Debug|ARM.Build.0 = Debug|Any CPU
		{CA9A1FE5-BC81-415B-ABAC-E7E65A1AEA88}.Debug|ARM64.ActiveCfg = Debug|Any CPU
		{CA9A1FE5-BC81-415B-ABAC-E7E65A1AEA88}.Debug|ARM64.Build.0 = Debug|Any CPU
		{CA9A1FE5-BC81-415B-ABAC-E7E65A1AEA88}.Debug|iPhone.ActiveCfg = Debug|Any CPU
		{CA9A1FE5-BC81-415B-ABAC-E7E65A1AEA88}.Debug|iPhone.Build.0 = Debug|Any CPU
		{CA9A1FE5-BC81-415B-ABAC-E7E65A1AEA88}.Debug|iPhoneSimulator.ActiveCfg = Debug|Any CPU
		{CA9A1FE5-BC81-415B-ABAC-E7E65A1AEA88}.Debug|iPhoneSimulator.Build.0 = Debug|Any CPU
		{CA9A1FE5-BC81-415B-ABAC-E7E65A1AEA88}.Debug|x64.ActiveCfg = Debug|Any CPU
		{CA9A1FE5-BC81-415B-ABAC-E7E65A1AEA88}.Debug|x64.Build.0 = Debug|Any CPU
		{CA9A1FE5-BC81-415B-ABAC-E7E65A1AEA88}.Debug|x86.ActiveCfg = Debug|Any CPU
		{CA9A1FE5-BC81-415B-ABAC-E7E65A1AEA88}.Debug|x86.Build.0 = Debug|Any CPU
		{CA9A1FE5-BC81-415B-ABAC-E7E65A1AEA88}.Release|Any CPU.ActiveCfg = Release|Any CPU
		{CA9A1FE5-BC81-415B-ABAC-E7E65A1AEA88}.Release|Any CPU.Build.0 = Release|Any CPU
		{CA9A1FE5-BC81-415B-ABAC-E7E65A1AEA88}.Release|ARM.ActiveCfg = Release|Any CPU
		{CA9A1FE5-BC81-415B-ABAC-E7E65A1AEA88}.Release|ARM.Build.0 = Release|Any CPU
		{CA9A1FE5-BC81-415B-ABAC-E7E65A1AEA88}.Release|ARM64.ActiveCfg = Release|Any CPU
		{CA9A1FE5-BC81-415B-ABAC-E7E65A1AEA88}.Release|ARM64.Build.0 = Release|Any CPU
		{CA9A1FE5-BC81-415B-ABAC-E7E65A1AEA88}.Release|iPhone.ActiveCfg = Release|Any CPU
		{CA9A1FE5-BC81-415B-ABAC-E7E65A1AEA88}.Release|iPhone.Build.0 = Release|Any CPU
		{CA9A1FE5-BC81-415B-ABAC-E7E65A1AEA88}.Release|iPhoneSimulator.ActiveCfg = Release|Any CPU
		{CA9A1FE5-BC81-415B-ABAC-E7E65A1AEA88}.Release|iPhoneSimulator.Build.0 = Release|Any CPU
		{CA9A1FE5-BC81-415B-ABAC-E7E65A1AEA88}.Release|x64.ActiveCfg = Release|Any CPU
		{CA9A1FE5-BC81-415B-ABAC-E7E65A1AEA88}.Release|x64.Build.0 = Release|Any CPU
		{CA9A1FE5-BC81-415B-ABAC-E7E65A1AEA88}.Release|x86.ActiveCfg = Release|Any CPU
		{CA9A1FE5-BC81-415B-ABAC-E7E65A1AEA88}.Release|x86.Build.0 = Release|Any CPU
		{BE22FBDF-1947-40F1-8D70-2C8ACEED87CA}.Ad-Hoc|Any CPU.ActiveCfg = Debug|iPhoneSimulator
		{BE22FBDF-1947-40F1-8D70-2C8ACEED87CA}.Ad-Hoc|Any CPU.Build.0 = Debug|iPhoneSimulator
		{BE22FBDF-1947-40F1-8D70-2C8ACEED87CA}.Ad-Hoc|ARM.ActiveCfg = Debug|iPhoneSimulator
		{BE22FBDF-1947-40F1-8D70-2C8ACEED87CA}.Ad-Hoc|ARM.Build.0 = Debug|iPhoneSimulator
		{BE22FBDF-1947-40F1-8D70-2C8ACEED87CA}.Ad-Hoc|ARM64.ActiveCfg = Debug|iPhoneSimulator
		{BE22FBDF-1947-40F1-8D70-2C8ACEED87CA}.Ad-Hoc|ARM64.Build.0 = Debug|iPhoneSimulator
		{BE22FBDF-1947-40F1-8D70-2C8ACEED87CA}.Ad-Hoc|iPhone.ActiveCfg = Debug|iPhoneSimulator
		{BE22FBDF-1947-40F1-8D70-2C8ACEED87CA}.Ad-Hoc|iPhone.Build.0 = Debug|iPhoneSimulator
		{BE22FBDF-1947-40F1-8D70-2C8ACEED87CA}.Ad-Hoc|iPhoneSimulator.ActiveCfg = Debug|iPhoneSimulator
		{BE22FBDF-1947-40F1-8D70-2C8ACEED87CA}.Ad-Hoc|iPhoneSimulator.Build.0 = Debug|iPhoneSimulator
		{BE22FBDF-1947-40F1-8D70-2C8ACEED87CA}.Ad-Hoc|x64.ActiveCfg = Debug|iPhoneSimulator
		{BE22FBDF-1947-40F1-8D70-2C8ACEED87CA}.Ad-Hoc|x64.Build.0 = Debug|iPhoneSimulator
		{BE22FBDF-1947-40F1-8D70-2C8ACEED87CA}.Ad-Hoc|x86.ActiveCfg = Debug|iPhoneSimulator
		{BE22FBDF-1947-40F1-8D70-2C8ACEED87CA}.Ad-Hoc|x86.Build.0 = Debug|iPhoneSimulator
		{BE22FBDF-1947-40F1-8D70-2C8ACEED87CA}.AppStore|Any CPU.ActiveCfg = Debug|iPhoneSimulator
		{BE22FBDF-1947-40F1-8D70-2C8ACEED87CA}.AppStore|Any CPU.Build.0 = Debug|iPhoneSimulator
		{BE22FBDF-1947-40F1-8D70-2C8ACEED87CA}.AppStore|ARM.ActiveCfg = Debug|iPhoneSimulator
		{BE22FBDF-1947-40F1-8D70-2C8ACEED87CA}.AppStore|ARM.Build.0 = Debug|iPhoneSimulator
		{BE22FBDF-1947-40F1-8D70-2C8ACEED87CA}.AppStore|ARM64.ActiveCfg = Debug|iPhoneSimulator
		{BE22FBDF-1947-40F1-8D70-2C8ACEED87CA}.AppStore|ARM64.Build.0 = Debug|iPhoneSimulator
		{BE22FBDF-1947-40F1-8D70-2C8ACEED87CA}.AppStore|iPhone.ActiveCfg = Debug|iPhoneSimulator
		{BE22FBDF-1947-40F1-8D70-2C8ACEED87CA}.AppStore|iPhone.Build.0 = Debug|iPhoneSimulator
		{BE22FBDF-1947-40F1-8D70-2C8ACEED87CA}.AppStore|iPhoneSimulator.ActiveCfg = Debug|iPhoneSimulator
		{BE22FBDF-1947-40F1-8D70-2C8ACEED87CA}.AppStore|iPhoneSimulator.Build.0 = Debug|iPhoneSimulator
		{BE22FBDF-1947-40F1-8D70-2C8ACEED87CA}.AppStore|x64.ActiveCfg = Debug|iPhoneSimulator
		{BE22FBDF-1947-40F1-8D70-2C8ACEED87CA}.AppStore|x64.Build.0 = Debug|iPhoneSimulator
		{BE22FBDF-1947-40F1-8D70-2C8ACEED87CA}.AppStore|x86.ActiveCfg = Debug|iPhoneSimulator
		{BE22FBDF-1947-40F1-8D70-2C8ACEED87CA}.AppStore|x86.Build.0 = Debug|iPhoneSimulator
		{BE22FBDF-1947-40F1-8D70-2C8ACEED87CA}.Debug|Any CPU.ActiveCfg = Debug|iPhoneSimulator
		{BE22FBDF-1947-40F1-8D70-2C8ACEED87CA}.Debug|ARM.ActiveCfg = Debug|iPhoneSimulator
		{BE22FBDF-1947-40F1-8D70-2C8ACEED87CA}.Debug|ARM64.ActiveCfg = Debug|iPhoneSimulator
		{BE22FBDF-1947-40F1-8D70-2C8ACEED87CA}.Debug|iPhone.ActiveCfg = Debug|iPhoneSimulator
		{BE22FBDF-1947-40F1-8D70-2C8ACEED87CA}.Debug|iPhoneSimulator.ActiveCfg = Debug|iPhoneSimulator
		{BE22FBDF-1947-40F1-8D70-2C8ACEED87CA}.Debug|iPhoneSimulator.Build.0 = Debug|iPhoneSimulator
		{BE22FBDF-1947-40F1-8D70-2C8ACEED87CA}.Debug|x64.ActiveCfg = Debug|iPhoneSimulator
		{BE22FBDF-1947-40F1-8D70-2C8ACEED87CA}.Debug|x86.ActiveCfg = Debug|iPhoneSimulator
		{BE22FBDF-1947-40F1-8D70-2C8ACEED87CA}.Release|Any CPU.ActiveCfg = Release|iPhoneSimulator
		{BE22FBDF-1947-40F1-8D70-2C8ACEED87CA}.Release|ARM.ActiveCfg = Release|iPhoneSimulator
		{BE22FBDF-1947-40F1-8D70-2C8ACEED87CA}.Release|ARM64.ActiveCfg = Release|iPhoneSimulator
		{BE22FBDF-1947-40F1-8D70-2C8ACEED87CA}.Release|iPhone.ActiveCfg = Release|iPhoneSimulator
		{BE22FBDF-1947-40F1-8D70-2C8ACEED87CA}.Release|iPhoneSimulator.ActiveCfg = Release|iPhoneSimulator
		{BE22FBDF-1947-40F1-8D70-2C8ACEED87CA}.Release|iPhoneSimulator.Build.0 = Release|iPhoneSimulator
		{BE22FBDF-1947-40F1-8D70-2C8ACEED87CA}.Release|x64.ActiveCfg = Release|iPhoneSimulator
		{BE22FBDF-1947-40F1-8D70-2C8ACEED87CA}.Release|x86.ActiveCfg = Release|iPhoneSimulator
		{F00FE380-91AA-47C2-946E-99EED6D58259}.Ad-Hoc|Any CPU.ActiveCfg = Debug|Any CPU
		{F00FE380-91AA-47C2-946E-99EED6D58259}.Ad-Hoc|Any CPU.Build.0 = Debug|Any CPU
		{F00FE380-91AA-47C2-946E-99EED6D58259}.Ad-Hoc|ARM.ActiveCfg = Debug|Any CPU
		{F00FE380-91AA-47C2-946E-99EED6D58259}.Ad-Hoc|ARM.Build.0 = Debug|Any CPU
		{F00FE380-91AA-47C2-946E-99EED6D58259}.Ad-Hoc|ARM64.ActiveCfg = Debug|Any CPU
		{F00FE380-91AA-47C2-946E-99EED6D58259}.Ad-Hoc|ARM64.Build.0 = Debug|Any CPU
		{F00FE380-91AA-47C2-946E-99EED6D58259}.Ad-Hoc|iPhone.ActiveCfg = Debug|Any CPU
		{F00FE380-91AA-47C2-946E-99EED6D58259}.Ad-Hoc|iPhone.Build.0 = Debug|Any CPU
		{F00FE380-91AA-47C2-946E-99EED6D58259}.Ad-Hoc|iPhoneSimulator.ActiveCfg = Debug|Any CPU
		{F00FE380-91AA-47C2-946E-99EED6D58259}.Ad-Hoc|iPhoneSimulator.Build.0 = Debug|Any CPU
		{F00FE380-91AA-47C2-946E-99EED6D58259}.Ad-Hoc|x64.ActiveCfg = Debug|Any CPU
		{F00FE380-91AA-47C2-946E-99EED6D58259}.Ad-Hoc|x64.Build.0 = Debug|Any CPU
		{F00FE380-91AA-47C2-946E-99EED6D58259}.Ad-Hoc|x86.ActiveCfg = Debug|Any CPU
		{F00FE380-91AA-47C2-946E-99EED6D58259}.Ad-Hoc|x86.Build.0 = Debug|Any CPU
		{F00FE380-91AA-47C2-946E-99EED6D58259}.AppStore|Any CPU.ActiveCfg = Debug|Any CPU
		{F00FE380-91AA-47C2-946E-99EED6D58259}.AppStore|Any CPU.Build.0 = Debug|Any CPU
		{F00FE380-91AA-47C2-946E-99EED6D58259}.AppStore|ARM.ActiveCfg = Debug|Any CPU
		{F00FE380-91AA-47C2-946E-99EED6D58259}.AppStore|ARM.Build.0 = Debug|Any CPU
		{F00FE380-91AA-47C2-946E-99EED6D58259}.AppStore|ARM64.ActiveCfg = Debug|Any CPU
		{F00FE380-91AA-47C2-946E-99EED6D58259}.AppStore|ARM64.Build.0 = Debug|Any CPU
		{F00FE380-91AA-47C2-946E-99EED6D58259}.AppStore|iPhone.ActiveCfg = Debug|Any CPU
		{F00FE380-91AA-47C2-946E-99EED6D58259}.AppStore|iPhone.Build.0 = Debug|Any CPU
		{F00FE380-91AA-47C2-946E-99EED6D58259}.AppStore|iPhoneSimulator.ActiveCfg = Debug|Any CPU
		{F00FE380-91AA-47C2-946E-99EED6D58259}.AppStore|iPhoneSimulator.Build.0 = Debug|Any CPU
		{F00FE380-91AA-47C2-946E-99EED6D58259}.AppStore|x64.ActiveCfg = Debug|Any CPU
		{F00FE380-91AA-47C2-946E-99EED6D58259}.AppStore|x64.Build.0 = Debug|Any CPU
		{F00FE380-91AA-47C2-946E-99EED6D58259}.AppStore|x86.ActiveCfg = Debug|Any CPU
		{F00FE380-91AA-47C2-946E-99EED6D58259}.AppStore|x86.Build.0 = Debug|Any CPU
		{F00FE380-91AA-47C2-946E-99EED6D58259}.Debug|Any CPU.ActiveCfg = Debug|Any CPU
		{F00FE380-91AA-47C2-946E-99EED6D58259}.Debug|Any CPU.Build.0 = Debug|Any CPU
		{F00FE380-91AA-47C2-946E-99EED6D58259}.Debug|ARM.ActiveCfg = Debug|Any CPU
		{F00FE380-91AA-47C2-946E-99EED6D58259}.Debug|ARM.Build.0 = Debug|Any CPU
		{F00FE380-91AA-47C2-946E-99EED6D58259}.Debug|ARM64.ActiveCfg = Debug|Any CPU
		{F00FE380-91AA-47C2-946E-99EED6D58259}.Debug|ARM64.Build.0 = Debug|Any CPU
		{F00FE380-91AA-47C2-946E-99EED6D58259}.Debug|iPhone.ActiveCfg = Debug|Any CPU
		{F00FE380-91AA-47C2-946E-99EED6D58259}.Debug|iPhone.Build.0 = Debug|Any CPU
		{F00FE380-91AA-47C2-946E-99EED6D58259}.Debug|iPhoneSimulator.ActiveCfg = Debug|Any CPU
		{F00FE380-91AA-47C2-946E-99EED6D58259}.Debug|iPhoneSimulator.Build.0 = Debug|Any CPU
		{F00FE380-91AA-47C2-946E-99EED6D58259}.Debug|x64.ActiveCfg = Debug|Any CPU
		{F00FE380-91AA-47C2-946E-99EED6D58259}.Debug|x64.Build.0 = Debug|Any CPU
		{F00FE380-91AA-47C2-946E-99EED6D58259}.Debug|x86.ActiveCfg = Debug|Any CPU
		{F00FE380-91AA-47C2-946E-99EED6D58259}.Debug|x86.Build.0 = Debug|Any CPU
		{F00FE380-91AA-47C2-946E-99EED6D58259}.Release|Any CPU.ActiveCfg = Release|Any CPU
		{F00FE380-91AA-47C2-946E-99EED6D58259}.Release|Any CPU.Build.0 = Release|Any CPU
		{F00FE380-91AA-47C2-946E-99EED6D58259}.Release|ARM.ActiveCfg = Release|Any CPU
		{F00FE380-91AA-47C2-946E-99EED6D58259}.Release|ARM.Build.0 = Release|Any CPU
		{F00FE380-91AA-47C2-946E-99EED6D58259}.Release|ARM64.ActiveCfg = Release|Any CPU
		{F00FE380-91AA-47C2-946E-99EED6D58259}.Release|ARM64.Build.0 = Release|Any CPU
		{F00FE380-91AA-47C2-946E-99EED6D58259}.Release|iPhone.ActiveCfg = Release|Any CPU
		{F00FE380-91AA-47C2-946E-99EED6D58259}.Release|iPhone.Build.0 = Release|Any CPU
		{F00FE380-91AA-47C2-946E-99EED6D58259}.Release|iPhoneSimulator.ActiveCfg = Release|Any CPU
		{F00FE380-91AA-47C2-946E-99EED6D58259}.Release|iPhoneSimulator.Build.0 = Release|Any CPU
		{F00FE380-91AA-47C2-946E-99EED6D58259}.Release|x64.ActiveCfg = Release|Any CPU
		{F00FE380-91AA-47C2-946E-99EED6D58259}.Release|x64.Build.0 = Release|Any CPU
		{F00FE380-91AA-47C2-946E-99EED6D58259}.Release|x86.ActiveCfg = Release|Any CPU
		{F00FE380-91AA-47C2-946E-99EED6D58259}.Release|x86.Build.0 = Release|Any CPU
		{F5ECDEE8-AAAF-414F-BDED-A4EE30459CEA}.Ad-Hoc|Any CPU.ActiveCfg = Debug|Any CPU
		{F5ECDEE8-AAAF-414F-BDED-A4EE30459CEA}.Ad-Hoc|Any CPU.Build.0 = Debug|Any CPU
		{F5ECDEE8-AAAF-414F-BDED-A4EE30459CEA}.Ad-Hoc|ARM.ActiveCfg = Debug|Any CPU
		{F5ECDEE8-AAAF-414F-BDED-A4EE30459CEA}.Ad-Hoc|ARM.Build.0 = Debug|Any CPU
		{F5ECDEE8-AAAF-414F-BDED-A4EE30459CEA}.Ad-Hoc|ARM64.ActiveCfg = Debug|Any CPU
		{F5ECDEE8-AAAF-414F-BDED-A4EE30459CEA}.Ad-Hoc|ARM64.Build.0 = Debug|Any CPU
		{F5ECDEE8-AAAF-414F-BDED-A4EE30459CEA}.Ad-Hoc|iPhone.ActiveCfg = Debug|Any CPU
		{F5ECDEE8-AAAF-414F-BDED-A4EE30459CEA}.Ad-Hoc|iPhone.Build.0 = Debug|Any CPU
		{F5ECDEE8-AAAF-414F-BDED-A4EE30459CEA}.Ad-Hoc|iPhoneSimulator.ActiveCfg = Debug|Any CPU
		{F5ECDEE8-AAAF-414F-BDED-A4EE30459CEA}.Ad-Hoc|iPhoneSimulator.Build.0 = Debug|Any CPU
		{F5ECDEE8-AAAF-414F-BDED-A4EE30459CEA}.Ad-Hoc|x64.ActiveCfg = Debug|Any CPU
		{F5ECDEE8-AAAF-414F-BDED-A4EE30459CEA}.Ad-Hoc|x64.Build.0 = Debug|Any CPU
		{F5ECDEE8-AAAF-414F-BDED-A4EE30459CEA}.Ad-Hoc|x86.ActiveCfg = Debug|Any CPU
		{F5ECDEE8-AAAF-414F-BDED-A4EE30459CEA}.Ad-Hoc|x86.Build.0 = Debug|Any CPU
		{F5ECDEE8-AAAF-414F-BDED-A4EE30459CEA}.AppStore|Any CPU.ActiveCfg = Debug|Any CPU
		{F5ECDEE8-AAAF-414F-BDED-A4EE30459CEA}.AppStore|Any CPU.Build.0 = Debug|Any CPU
		{F5ECDEE8-AAAF-414F-BDED-A4EE30459CEA}.AppStore|ARM.ActiveCfg = Debug|Any CPU
		{F5ECDEE8-AAAF-414F-BDED-A4EE30459CEA}.AppStore|ARM.Build.0 = Debug|Any CPU
		{F5ECDEE8-AAAF-414F-BDED-A4EE30459CEA}.AppStore|ARM64.ActiveCfg = Debug|Any CPU
		{F5ECDEE8-AAAF-414F-BDED-A4EE30459CEA}.AppStore|ARM64.Build.0 = Debug|Any CPU
		{F5ECDEE8-AAAF-414F-BDED-A4EE30459CEA}.AppStore|iPhone.ActiveCfg = Debug|Any CPU
		{F5ECDEE8-AAAF-414F-BDED-A4EE30459CEA}.AppStore|iPhone.Build.0 = Debug|Any CPU
		{F5ECDEE8-AAAF-414F-BDED-A4EE30459CEA}.AppStore|iPhoneSimulator.ActiveCfg = Debug|Any CPU
		{F5ECDEE8-AAAF-414F-BDED-A4EE30459CEA}.AppStore|iPhoneSimulator.Build.0 = Debug|Any CPU
		{F5ECDEE8-AAAF-414F-BDED-A4EE30459CEA}.AppStore|x64.ActiveCfg = Debug|Any CPU
		{F5ECDEE8-AAAF-414F-BDED-A4EE30459CEA}.AppStore|x64.Build.0 = Debug|Any CPU
		{F5ECDEE8-AAAF-414F-BDED-A4EE30459CEA}.AppStore|x86.ActiveCfg = Debug|Any CPU
		{F5ECDEE8-AAAF-414F-BDED-A4EE30459CEA}.AppStore|x86.Build.0 = Debug|Any CPU
		{F5ECDEE8-AAAF-414F-BDED-A4EE30459CEA}.Debug|Any CPU.ActiveCfg = Debug|Any CPU
		{F5ECDEE8-AAAF-414F-BDED-A4EE30459CEA}.Debug|Any CPU.Build.0 = Debug|Any CPU
		{F5ECDEE8-AAAF-414F-BDED-A4EE30459CEA}.Debug|ARM.ActiveCfg = Debug|Any CPU
		{F5ECDEE8-AAAF-414F-BDED-A4EE30459CEA}.Debug|ARM.Build.0 = Debug|Any CPU
		{F5ECDEE8-AAAF-414F-BDED-A4EE30459CEA}.Debug|ARM64.ActiveCfg = Debug|Any CPU
		{F5ECDEE8-AAAF-414F-BDED-A4EE30459CEA}.Debug|ARM64.Build.0 = Debug|Any CPU
		{F5ECDEE8-AAAF-414F-BDED-A4EE30459CEA}.Debug|iPhone.ActiveCfg = Debug|Any CPU
		{F5ECDEE8-AAAF-414F-BDED-A4EE30459CEA}.Debug|iPhone.Build.0 = Debug|Any CPU
		{F5ECDEE8-AAAF-414F-BDED-A4EE30459CEA}.Debug|iPhoneSimulator.ActiveCfg = Debug|Any CPU
		{F5ECDEE8-AAAF-414F-BDED-A4EE30459CEA}.Debug|iPhoneSimulator.Build.0 = Debug|Any CPU
		{F5ECDEE8-AAAF-414F-BDED-A4EE30459CEA}.Debug|x64.ActiveCfg = Debug|Any CPU
		{F5ECDEE8-AAAF-414F-BDED-A4EE30459CEA}.Debug|x64.Build.0 = Debug|Any CPU
		{F5ECDEE8-AAAF-414F-BDED-A4EE30459CEA}.Debug|x86.ActiveCfg = Debug|Any CPU
		{F5ECDEE8-AAAF-414F-BDED-A4EE30459CEA}.Debug|x86.Build.0 = Debug|Any CPU
		{F5ECDEE8-AAAF-414F-BDED-A4EE30459CEA}.Release|Any CPU.ActiveCfg = Release|Any CPU
		{F5ECDEE8-AAAF-414F-BDED-A4EE30459CEA}.Release|Any CPU.Build.0 = Release|Any CPU
		{F5ECDEE8-AAAF-414F-BDED-A4EE30459CEA}.Release|ARM.ActiveCfg = Release|Any CPU
		{F5ECDEE8-AAAF-414F-BDED-A4EE30459CEA}.Release|ARM.Build.0 = Release|Any CPU
		{F5ECDEE8-AAAF-414F-BDED-A4EE30459CEA}.Release|ARM64.ActiveCfg = Release|Any CPU
		{F5ECDEE8-AAAF-414F-BDED-A4EE30459CEA}.Release|ARM64.Build.0 = Release|Any CPU
		{F5ECDEE8-AAAF-414F-BDED-A4EE30459CEA}.Release|iPhone.ActiveCfg = Release|Any CPU
		{F5ECDEE8-AAAF-414F-BDED-A4EE30459CEA}.Release|iPhone.Build.0 = Release|Any CPU
		{F5ECDEE8-AAAF-414F-BDED-A4EE30459CEA}.Release|iPhoneSimulator.ActiveCfg = Release|Any CPU
		{F5ECDEE8-AAAF-414F-BDED-A4EE30459CEA}.Release|iPhoneSimulator.Build.0 = Release|Any CPU
		{F5ECDEE8-AAAF-414F-BDED-A4EE30459CEA}.Release|x64.ActiveCfg = Release|Any CPU
		{F5ECDEE8-AAAF-414F-BDED-A4EE30459CEA}.Release|x64.Build.0 = Release|Any CPU
		{F5ECDEE8-AAAF-414F-BDED-A4EE30459CEA}.Release|x86.ActiveCfg = Release|Any CPU
		{F5ECDEE8-AAAF-414F-BDED-A4EE30459CEA}.Release|x86.Build.0 = Release|Any CPU
		{4B696999-132A-42FA-AF5F-9DBCD62B839D}.Ad-Hoc|Any CPU.ActiveCfg = Debug|Any CPU
		{4B696999-132A-42FA-AF5F-9DBCD62B839D}.Ad-Hoc|Any CPU.Build.0 = Debug|Any CPU
		{4B696999-132A-42FA-AF5F-9DBCD62B839D}.Ad-Hoc|ARM.ActiveCfg = Debug|Any CPU
		{4B696999-132A-42FA-AF5F-9DBCD62B839D}.Ad-Hoc|ARM.Build.0 = Debug|Any CPU
		{4B696999-132A-42FA-AF5F-9DBCD62B839D}.Ad-Hoc|ARM64.ActiveCfg = Debug|Any CPU
		{4B696999-132A-42FA-AF5F-9DBCD62B839D}.Ad-Hoc|ARM64.Build.0 = Debug|Any CPU
		{4B696999-132A-42FA-AF5F-9DBCD62B839D}.Ad-Hoc|iPhone.ActiveCfg = Debug|Any CPU
		{4B696999-132A-42FA-AF5F-9DBCD62B839D}.Ad-Hoc|iPhone.Build.0 = Debug|Any CPU
		{4B696999-132A-42FA-AF5F-9DBCD62B839D}.Ad-Hoc|iPhoneSimulator.ActiveCfg = Debug|Any CPU
		{4B696999-132A-42FA-AF5F-9DBCD62B839D}.Ad-Hoc|iPhoneSimulator.Build.0 = Debug|Any CPU
		{4B696999-132A-42FA-AF5F-9DBCD62B839D}.Ad-Hoc|x64.ActiveCfg = Debug|Any CPU
		{4B696999-132A-42FA-AF5F-9DBCD62B839D}.Ad-Hoc|x64.Build.0 = Debug|Any CPU
		{4B696999-132A-42FA-AF5F-9DBCD62B839D}.Ad-Hoc|x86.ActiveCfg = Debug|Any CPU
		{4B696999-132A-42FA-AF5F-9DBCD62B839D}.Ad-Hoc|x86.Build.0 = Debug|Any CPU
		{4B696999-132A-42FA-AF5F-9DBCD62B839D}.AppStore|Any CPU.ActiveCfg = Debug|Any CPU
		{4B696999-132A-42FA-AF5F-9DBCD62B839D}.AppStore|Any CPU.Build.0 = Debug|Any CPU
		{4B696999-132A-42FA-AF5F-9DBCD62B839D}.AppStore|ARM.ActiveCfg = Debug|Any CPU
		{4B696999-132A-42FA-AF5F-9DBCD62B839D}.AppStore|ARM.Build.0 = Debug|Any CPU
		{4B696999-132A-42FA-AF5F-9DBCD62B839D}.AppStore|ARM64.ActiveCfg = Debug|Any CPU
		{4B696999-132A-42FA-AF5F-9DBCD62B839D}.AppStore|ARM64.Build.0 = Debug|Any CPU
		{4B696999-132A-42FA-AF5F-9DBCD62B839D}.AppStore|iPhone.ActiveCfg = Debug|Any CPU
		{4B696999-132A-42FA-AF5F-9DBCD62B839D}.AppStore|iPhone.Build.0 = Debug|Any CPU
		{4B696999-132A-42FA-AF5F-9DBCD62B839D}.AppStore|iPhoneSimulator.ActiveCfg = Debug|Any CPU
		{4B696999-132A-42FA-AF5F-9DBCD62B839D}.AppStore|iPhoneSimulator.Build.0 = Debug|Any CPU
		{4B696999-132A-42FA-AF5F-9DBCD62B839D}.AppStore|x64.ActiveCfg = Debug|Any CPU
		{4B696999-132A-42FA-AF5F-9DBCD62B839D}.AppStore|x64.Build.0 = Debug|Any CPU
		{4B696999-132A-42FA-AF5F-9DBCD62B839D}.AppStore|x86.ActiveCfg = Debug|Any CPU
		{4B696999-132A-42FA-AF5F-9DBCD62B839D}.AppStore|x86.Build.0 = Debug|Any CPU
		{4B696999-132A-42FA-AF5F-9DBCD62B839D}.Debug|Any CPU.ActiveCfg = Debug|Any CPU
		{4B696999-132A-42FA-AF5F-9DBCD62B839D}.Debug|Any CPU.Build.0 = Debug|Any CPU
		{4B696999-132A-42FA-AF5F-9DBCD62B839D}.Debug|ARM.ActiveCfg = Debug|Any CPU
		{4B696999-132A-42FA-AF5F-9DBCD62B839D}.Debug|ARM.Build.0 = Debug|Any CPU
		{4B696999-132A-42FA-AF5F-9DBCD62B839D}.Debug|ARM64.ActiveCfg = Debug|Any CPU
		{4B696999-132A-42FA-AF5F-9DBCD62B839D}.Debug|ARM64.Build.0 = Debug|Any CPU
		{4B696999-132A-42FA-AF5F-9DBCD62B839D}.Debug|iPhone.ActiveCfg = Debug|Any CPU
		{4B696999-132A-42FA-AF5F-9DBCD62B839D}.Debug|iPhone.Build.0 = Debug|Any CPU
		{4B696999-132A-42FA-AF5F-9DBCD62B839D}.Debug|iPhoneSimulator.ActiveCfg = Debug|Any CPU
		{4B696999-132A-42FA-AF5F-9DBCD62B839D}.Debug|iPhoneSimulator.Build.0 = Debug|Any CPU
		{4B696999-132A-42FA-AF5F-9DBCD62B839D}.Debug|x64.ActiveCfg = Debug|Any CPU
		{4B696999-132A-42FA-AF5F-9DBCD62B839D}.Debug|x64.Build.0 = Debug|Any CPU
		{4B696999-132A-42FA-AF5F-9DBCD62B839D}.Debug|x86.ActiveCfg = Debug|Any CPU
		{4B696999-132A-42FA-AF5F-9DBCD62B839D}.Debug|x86.Build.0 = Debug|Any CPU
		{4B696999-132A-42FA-AF5F-9DBCD62B839D}.Release|Any CPU.ActiveCfg = Release|Any CPU
		{4B696999-132A-42FA-AF5F-9DBCD62B839D}.Release|Any CPU.Build.0 = Release|Any CPU
		{4B696999-132A-42FA-AF5F-9DBCD62B839D}.Release|ARM.ActiveCfg = Release|Any CPU
		{4B696999-132A-42FA-AF5F-9DBCD62B839D}.Release|ARM.Build.0 = Release|Any CPU
		{4B696999-132A-42FA-AF5F-9DBCD62B839D}.Release|ARM64.ActiveCfg = Release|Any CPU
		{4B696999-132A-42FA-AF5F-9DBCD62B839D}.Release|ARM64.Build.0 = Release|Any CPU
		{4B696999-132A-42FA-AF5F-9DBCD62B839D}.Release|iPhone.ActiveCfg = Release|Any CPU
		{4B696999-132A-42FA-AF5F-9DBCD62B839D}.Release|iPhone.Build.0 = Release|Any CPU
		{4B696999-132A-42FA-AF5F-9DBCD62B839D}.Release|iPhoneSimulator.ActiveCfg = Release|Any CPU
		{4B696999-132A-42FA-AF5F-9DBCD62B839D}.Release|iPhoneSimulator.Build.0 = Release|Any CPU
		{4B696999-132A-42FA-AF5F-9DBCD62B839D}.Release|x64.ActiveCfg = Release|Any CPU
		{4B696999-132A-42FA-AF5F-9DBCD62B839D}.Release|x64.Build.0 = Release|Any CPU
		{4B696999-132A-42FA-AF5F-9DBCD62B839D}.Release|x86.ActiveCfg = Release|Any CPU
		{4B696999-132A-42FA-AF5F-9DBCD62B839D}.Release|x86.Build.0 = Release|Any CPU
		{0E2B113E-D020-4223-8C89-DFB0442CCE53}.Ad-Hoc|Any CPU.ActiveCfg = Debug|Any CPU
		{0E2B113E-D020-4223-8C89-DFB0442CCE53}.Ad-Hoc|Any CPU.Build.0 = Debug|Any CPU
		{0E2B113E-D020-4223-8C89-DFB0442CCE53}.Ad-Hoc|ARM.ActiveCfg = Debug|Any CPU
		{0E2B113E-D020-4223-8C89-DFB0442CCE53}.Ad-Hoc|ARM.Build.0 = Debug|Any CPU
		{0E2B113E-D020-4223-8C89-DFB0442CCE53}.Ad-Hoc|ARM64.ActiveCfg = Debug|Any CPU
		{0E2B113E-D020-4223-8C89-DFB0442CCE53}.Ad-Hoc|ARM64.Build.0 = Debug|Any CPU
		{0E2B113E-D020-4223-8C89-DFB0442CCE53}.Ad-Hoc|iPhone.ActiveCfg = Debug|Any CPU
		{0E2B113E-D020-4223-8C89-DFB0442CCE53}.Ad-Hoc|iPhone.Build.0 = Debug|Any CPU
		{0E2B113E-D020-4223-8C89-DFB0442CCE53}.Ad-Hoc|iPhoneSimulator.ActiveCfg = Debug|Any CPU
		{0E2B113E-D020-4223-8C89-DFB0442CCE53}.Ad-Hoc|iPhoneSimulator.Build.0 = Debug|Any CPU
		{0E2B113E-D020-4223-8C89-DFB0442CCE53}.Ad-Hoc|x64.ActiveCfg = Debug|Any CPU
		{0E2B113E-D020-4223-8C89-DFB0442CCE53}.Ad-Hoc|x64.Build.0 = Debug|Any CPU
		{0E2B113E-D020-4223-8C89-DFB0442CCE53}.Ad-Hoc|x86.ActiveCfg = Debug|Any CPU
		{0E2B113E-D020-4223-8C89-DFB0442CCE53}.Ad-Hoc|x86.Build.0 = Debug|Any CPU
		{0E2B113E-D020-4223-8C89-DFB0442CCE53}.AppStore|Any CPU.ActiveCfg = Debug|Any CPU
		{0E2B113E-D020-4223-8C89-DFB0442CCE53}.AppStore|Any CPU.Build.0 = Debug|Any CPU
		{0E2B113E-D020-4223-8C89-DFB0442CCE53}.AppStore|ARM.ActiveCfg = Debug|Any CPU
		{0E2B113E-D020-4223-8C89-DFB0442CCE53}.AppStore|ARM.Build.0 = Debug|Any CPU
		{0E2B113E-D020-4223-8C89-DFB0442CCE53}.AppStore|ARM64.ActiveCfg = Debug|Any CPU
		{0E2B113E-D020-4223-8C89-DFB0442CCE53}.AppStore|ARM64.Build.0 = Debug|Any CPU
		{0E2B113E-D020-4223-8C89-DFB0442CCE53}.AppStore|iPhone.ActiveCfg = Debug|Any CPU
		{0E2B113E-D020-4223-8C89-DFB0442CCE53}.AppStore|iPhone.Build.0 = Debug|Any CPU
		{0E2B113E-D020-4223-8C89-DFB0442CCE53}.AppStore|iPhoneSimulator.ActiveCfg = Debug|Any CPU
		{0E2B113E-D020-4223-8C89-DFB0442CCE53}.AppStore|iPhoneSimulator.Build.0 = Debug|Any CPU
		{0E2B113E-D020-4223-8C89-DFB0442CCE53}.AppStore|x64.ActiveCfg = Debug|Any CPU
		{0E2B113E-D020-4223-8C89-DFB0442CCE53}.AppStore|x64.Build.0 = Debug|Any CPU
		{0E2B113E-D020-4223-8C89-DFB0442CCE53}.AppStore|x86.ActiveCfg = Debug|Any CPU
		{0E2B113E-D020-4223-8C89-DFB0442CCE53}.AppStore|x86.Build.0 = Debug|Any CPU
		{0E2B113E-D020-4223-8C89-DFB0442CCE53}.Debug|Any CPU.ActiveCfg = Debug|Any CPU
		{0E2B113E-D020-4223-8C89-DFB0442CCE53}.Debug|Any CPU.Build.0 = Debug|Any CPU
		{0E2B113E-D020-4223-8C89-DFB0442CCE53}.Debug|ARM.ActiveCfg = Debug|Any CPU
		{0E2B113E-D020-4223-8C89-DFB0442CCE53}.Debug|ARM.Build.0 = Debug|Any CPU
		{0E2B113E-D020-4223-8C89-DFB0442CCE53}.Debug|ARM64.ActiveCfg = Debug|Any CPU
		{0E2B113E-D020-4223-8C89-DFB0442CCE53}.Debug|ARM64.Build.0 = Debug|Any CPU
		{0E2B113E-D020-4223-8C89-DFB0442CCE53}.Debug|iPhone.ActiveCfg = Debug|Any CPU
		{0E2B113E-D020-4223-8C89-DFB0442CCE53}.Debug|iPhone.Build.0 = Debug|Any CPU
		{0E2B113E-D020-4223-8C89-DFB0442CCE53}.Debug|iPhoneSimulator.ActiveCfg = Debug|Any CPU
		{0E2B113E-D020-4223-8C89-DFB0442CCE53}.Debug|iPhoneSimulator.Build.0 = Debug|Any CPU
		{0E2B113E-D020-4223-8C89-DFB0442CCE53}.Debug|x64.ActiveCfg = Debug|Any CPU
		{0E2B113E-D020-4223-8C89-DFB0442CCE53}.Debug|x64.Build.0 = Debug|Any CPU
		{0E2B113E-D020-4223-8C89-DFB0442CCE53}.Debug|x86.ActiveCfg = Debug|Any CPU
		{0E2B113E-D020-4223-8C89-DFB0442CCE53}.Debug|x86.Build.0 = Debug|Any CPU
		{0E2B113E-D020-4223-8C89-DFB0442CCE53}.Release|Any CPU.ActiveCfg = Release|Any CPU
		{0E2B113E-D020-4223-8C89-DFB0442CCE53}.Release|Any CPU.Build.0 = Release|Any CPU
		{0E2B113E-D020-4223-8C89-DFB0442CCE53}.Release|ARM.ActiveCfg = Release|Any CPU
		{0E2B113E-D020-4223-8C89-DFB0442CCE53}.Release|ARM.Build.0 = Release|Any CPU
		{0E2B113E-D020-4223-8C89-DFB0442CCE53}.Release|ARM64.ActiveCfg = Release|Any CPU
		{0E2B113E-D020-4223-8C89-DFB0442CCE53}.Release|ARM64.Build.0 = Release|Any CPU
		{0E2B113E-D020-4223-8C89-DFB0442CCE53}.Release|iPhone.ActiveCfg = Release|Any CPU
		{0E2B113E-D020-4223-8C89-DFB0442CCE53}.Release|iPhone.Build.0 = Release|Any CPU
		{0E2B113E-D020-4223-8C89-DFB0442CCE53}.Release|iPhoneSimulator.ActiveCfg = Release|Any CPU
		{0E2B113E-D020-4223-8C89-DFB0442CCE53}.Release|iPhoneSimulator.Build.0 = Release|Any CPU
		{0E2B113E-D020-4223-8C89-DFB0442CCE53}.Release|x64.ActiveCfg = Release|Any CPU
		{0E2B113E-D020-4223-8C89-DFB0442CCE53}.Release|x64.Build.0 = Release|Any CPU
		{0E2B113E-D020-4223-8C89-DFB0442CCE53}.Release|x86.ActiveCfg = Release|Any CPU
		{0E2B113E-D020-4223-8C89-DFB0442CCE53}.Release|x86.Build.0 = Release|Any CPU
	EndGlobalSection
	GlobalSection(SolutionProperties) = preSolution
		HideSolutionNode = FALSE
	EndGlobalSection
	GlobalSection(NestedProjects) = preSolution
		{834271BB-D174-4F25-8F53-381A4462D77A} = {4181006D-ED3F-4741-9D23-FEE38F1E16F7}
		{0C6EFDBB-CADF-4DB4-BB15-91BFBD44F96A} = {4181006D-ED3F-4741-9D23-FEE38F1E16F7}
		{D57D7E66-C9D1-4A1C-B90D-BE26E8687C39} = {4181006D-ED3F-4741-9D23-FEE38F1E16F7}
		{CA9A1FE5-BC81-415B-ABAC-E7E65A1AEA88} = {4181006D-ED3F-4741-9D23-FEE38F1E16F7}
		{BE22FBDF-1947-40F1-8D70-2C8ACEED87CA} = {4181006D-ED3F-4741-9D23-FEE38F1E16F7}
		{F00FE380-91AA-47C2-946E-99EED6D58259} = {4181006D-ED3F-4741-9D23-FEE38F1E16F7}
		{F5ECDEE8-AAAF-414F-BDED-A4EE30459CEA} = {4181006D-ED3F-4741-9D23-FEE38F1E16F7}
		{4B696999-132A-42FA-AF5F-9DBCD62B839D} = {4181006D-ED3F-4741-9D23-FEE38F1E16F7}
		{0E2B113E-D020-4223-8C89-DFB0442CCE53} = {4181006D-ED3F-4741-9D23-FEE38F1E16F7}
	EndGlobalSection
	GlobalSection(ExtensibilityGlobals) = postSolution
		SolutionGuid = {96D3F96D-61FF-46D0-AD7A-B05F43BEFDA1}
	EndGlobalSection
EndGlobal
